
Microsoft Visual Studio Solution File, Format Version 12.00
# Visual Studio Express 2013 for Windows Desktop
VisualStudioVersion = 12.0.31101.0
MinimumVisualStudioVersion = 10.0.40219.1
Project("{F184B08F-C81C-45F6-A57F-5ABD9991F28F}") = "Balancer_USB_ADXL_05", "Balancer_USB_ADXL_05.vbproj", "{09D78207-9D9D-42E8-882F-C838D0E21D9E}"
EndProject
Global
	GlobalSection(SolutionConfigurationPlatforms) = preSolution
		Debug|x86 = Debug|x86
		Release|x86 = Release|x86
	EndGlobalSection
	GlobalSection(ProjectConfigurationPlatforms) = postSolution
		{09D78207-9D9D-42E8-882F-C838D0E21D9E}.Debug|x86.ActiveCfg = Debug|x86
		{09D78207-9D9D-42E8-882F-C838D0E21D9E}.Debug|x86.Build.0 = Debug|x86
		{09D78207-9D9D-42E8-882F-C838D0E21D9E}.Release|x86.ActiveCfg = Release|x86
		{09D78207-9D9D-42E8-882F-C838D0E21D9E}.Release|x86.Build.0 = Release|x86
	EndGlobalSection
	GlobalSection(SolutionProperties) = preSolution
		HideSolutionNode = FALSE
	EndGlobalSection
EndGlobal
